// !$*UTF8*$!
{
	archiveVersion = 1;
	classes = {
	};
	objectVersion = 55;
	objects = {

/* Begin PBXBuildFile section */
		E550786B2A65167000E7BBC8 /* AppDelegate.swift in Sources */ = {isa = PBXBuildFile; fileRef = E550786A2A65167000E7BBC8 /* AppDelegate.swift */; };
		E550786F2A65167000E7BBC8 /* FilterVC.swift in Sources */ = {isa = PBXBuildFile; fileRef = E550786E2A65167000E7BBC8 /* FilterVC.swift */; };
		E55078722A65167000E7BBC8 /* Main.storyboard in Resources */ = {isa = PBXBuildFile; fileRef = E55078702A65167000E7BBC8 /* Main.storyboard */; };
		E55078742A65167300E7BBC8 /* Assets.xcassets in Resources */ = {isa = PBXBuildFile; fileRef = E55078732A65167300E7BBC8 /* Assets.xcassets */; };
		E55078772A65167300E7BBC8 /* LaunchScreen.storyboard in Resources */ = {isa = PBXBuildFile; fileRef = E55078752A65167300E7BBC8 /* LaunchScreen.storyboard */; };
		E550787F2A661DB200E7BBC8 /* FilterVM.swift in Sources */ = {isa = PBXBuildFile; fileRef = E550787E2A661DB100E7BBC8 /* FilterVM.swift */; };
		E57EE16D2A74B9B0006D959D /* ImagePicker.swift in Sources */ = {isa = PBXBuildFile; fileRef = E57EE16C2A74B9B0006D959D /* ImagePicker.swift */; };
		E57EE16F2A74D4F0006D959D /* CoreFilter.swift in Sources */ = {isa = PBXBuildFile; fileRef = E57EE16E2A74D4F0006D959D /* CoreFilter.swift */; };
		E5FB45D32A73D51B00F34170 /* FilterModel.swift in Sources */ = {isa = PBXBuildFile; fileRef = E5FB45D22A73D51B00F34170 /* FilterModel.swift */; };
/* End PBXBuildFile section */

/* Begin PBXFileReference section */
		E55078672A65167000E7BBC8 /* ImageFilter.app */ = {isa = PBXFileReference; explicitFileType = wrapper.application; includeInIndex = 0; path = ImageFilter.app; sourceTree = BUILT_PRODUCTS_DIR; };
		E550786A2A65167000E7BBC8 /* AppDelegate.swift */ = {isa = PBXFileReference; lastKnownFileType = sourcecode.swift; path = AppDelegate.swift; sourceTree = "<group>"; };
		E550786E2A65167000E7BBC8 /* FilterVC.swift */ = {isa = PBXFileReference; lastKnownFileType = sourcecode.swift; path = FilterVC.swift; sourceTree = "<group>"; };
		E55078712A65167000E7BBC8 /* Base */ = {isa = PBXFileReference; lastKnownFileType = file.storyboard; name = Base; path = Base.lproj/Main.storyboard; sourceTree = "<group>"; };
		E55078732A65167300E7BBC8 /* Assets.xcassets */ = {isa = PBXFileReference; lastKnownFileType = folder.assetcatalog; path = Assets.xcassets; sourceTree = "<group>"; };
		E55078762A65167300E7BBC8 /* Base */ = {isa = PBXFileReference; lastKnownFileType = file.storyboard; name = Base; path = Base.lproj/LaunchScreen.storyboard; sourceTree = "<group>"; };
		E55078782A65167300E7BBC8 /* Info.plist */ = {isa = PBXFileReference; lastKnownFileType = text.plist.xml; path = Info.plist; sourceTree = "<group>"; };
		E550787E2A661DB100E7BBC8 /* FilterVM.swift */ = {isa = PBXFileReference; lastKnownFileType = sourcecode.swift; path = FilterVM.swift; sourceTree = "<group>"; };
		E57EE16C2A74B9B0006D959D /* ImagePicker.swift */ = {isa = PBXFileReference; lastKnownFileType = sourcecode.swift; path = ImagePicker.swift; sourceTree = "<group>"; };
		E57EE16E2A74D4F0006D959D /* CoreFilter.swift */ = {isa = PBXFileReference; lastKnownFileType = sourcecode.swift; path = CoreFilter.swift; sourceTree = "<group>"; };
		E5FB45D22A73D51B00F34170 /* FilterModel.swift */ = {isa = PBXFileReference; lastKnownFileType = sourcecode.swift; path = FilterModel.swift; sourceTree = "<group>"; };
/* End PBXFileReference section */

/* Begin PBXFrameworksBuildPhase section */
		E55078642A65167000E7BBC8 /* Frameworks */ = {
			isa = PBXFrameworksBuildPhase;
			buildActionMask = 2147483647;
			files = (
			);
			runOnlyForDeploymentPostprocessing = 0;
		};
/* End PBXFrameworksBuildPhase section */

/* Begin PBXGroup section */
		E550785E2A65167000E7BBC8 = {
			isa = PBXGroup;
			children = (
				E55078692A65167000E7BBC8 /* ImageFilter */,
				E55078682A65167000E7BBC8 /* Products */,
			);
			sourceTree = "<group>";
		};
		E55078682A65167000E7BBC8 /* Products */ = {
			isa = PBXGroup;
			children = (
				E55078672A65167000E7BBC8 /* ImageFilter.app */,
			);
			name = Products;
			sourceTree = "<group>";
		};
		E55078692A65167000E7BBC8 /* ImageFilter */ = {
			isa = PBXGroup;
			children = (
				E550786A2A65167000E7BBC8 /* AppDelegate.swift */,
				E57EE1702A74D6C7006D959D /* View */,
				E57EE1712A74D6D9006D959D /* Model */,
				E57EE1722A74D6E4006D959D /* ViewModel */,
				E57EE1732A74D6F5006D959D /* Helper */,
				E55078732A65167300E7BBC8 /* Assets.xcassets */,
				E55078752A65167300E7BBC8 /* LaunchScreen.storyboard */,
				E55078782A65167300E7BBC8 /* Info.plist */,
			);
			path = ImageFilter;
			sourceTree = "<group>";
		};
		E57EE1702A74D6C7006D959D /* View */ = {
			isa = PBXGroup;
			children = (
				E55078702A65167000E7BBC8 /* Main.storyboard */,
				E550786E2A65167000E7BBC8 /* FilterVC.swift */,
			);
			path = View;
			sourceTree = "<group>";
		};
		E57EE1712A74D6D9006D959D /* Model */ = {
			isa = PBXGroup;
			children = (
				E5FB45D22A73D51B00F34170 /* FilterModel.swift */,
			);
			path = Model;
			sourceTree = "<group>";
		};
		E57EE1722A74D6E4006D959D /* ViewModel */ = {
			isa = PBXGroup;
			children = (
				E550787E2A661DB100E7BBC8 /* FilterVM.swift */,
			);
			path = ViewModel;
			sourceTree = "<group>";
		};
		E57EE1732A74D6F5006D959D /* Helper */ = {
			isa = PBXGroup;
			children = (
				E57EE16E2A74D4F0006D959D /* CoreFilter.swift */,
				E57EE16C2A74B9B0006D959D /* ImagePicker.swift */,
			);
			path = Helper;
			sourceTree = "<group>";
		};
/* End PBXGroup section */

/* Begin PBXNativeTarget section */
		E55078662A65167000E7BBC8 /* ImageFilter */ = {
			isa = PBXNativeTarget;
			buildConfigurationList = E550787B2A65167300E7BBC8 /* Build configuration list for PBXNativeTarget "ImageFilter" */;
			buildPhases = (
				E55078632A65167000E7BBC8 /* Sources */,
				E55078642A65167000E7BBC8 /* Frameworks */,
				E55078652A65167000E7BBC8 /* Resources */,
			);
			buildRules = (
			);
			dependencies = (
			);
			name = ImageFilter;
			productName = TestImage;
			productReference = E55078672A65167000E7BBC8 /* ImageFilter.app */;
			productType = "com.apple.product-type.application";
		};
/* End PBXNativeTarget section */

/* Begin PBXProject section */
		E550785F2A65167000E7BBC8 /* Project object */ = {
			isa = PBXProject;
			attributes = {
				BuildIndependentTargetsInParallel = 1;
				LastSwiftUpdateCheck = 1320;
				LastUpgradeCheck = 1320;
				TargetAttributes = {
					E55078662A65167000E7BBC8 = {
						CreatedOnToolsVersion = 13.2.1;
					};
				};
			};
			buildConfigurationList = E55078622A65167000E7BBC8 /* Build configuration list for PBXProject "ImageFilter" */;
			compatibilityVersion = "Xcode 13.0";
			developmentRegion = en;
			hasScannedForEncodings = 0;
			knownRegions = (
				en,
				Base,
			);
			mainGroup = E550785E2A65167000E7BBC8;
			productRefGroup = E55078682A65167000E7BBC8 /* Products */;
			projectDirPath = "";
			projectRoot = "";
			targets = (
				E55078662A65167000E7BBC8 /* ImageFilter */,
			);
		};
/* End PBXProject section */

/* Begin PBXResourcesBuildPhase section */
		E55078652A65167000E7BBC8 /* Resources */ = {
			isa = PBXResourcesBuildPhase;
			buildActionMask = 2147483647;
			files = (
				E55078772A65167300E7BBC8 /* LaunchScreen.storyboard in Resources */,
				E55078742A65167300E7BBC8 /* Assets.xcassets in Resources */,
				E55078722A65167000E7BBC8 /* Main.storyboard in Resources */,
			);
			runOnlyForDeploymentPostprocessing = 0;
		};
/* End PBXResourcesBuildPhase section */

/* Begin PBXSourcesBuildPhase section */
		E55078632A65167000E7BBC8 /* Sources */ = {
			isa = PBXSourcesBuildPhase;
			buildActionMask = 2147483647;
			files = (
				E550787F2A661DB200E7BBC8 /* FilterVM.swift in Sources */,
				E550786F2A65167000E7BBC8 /* FilterVC.swift in Sources */,
				E57EE16F2A74D4F0006D959D /* CoreFilter.swift in Sources */,
				E57EE16D2A74B9B0006D959D /* ImagePicker.swift in Sources */,
				E550786B2A65167000E7BBC8 /* AppDelegate.swift in Sources */,
				E5FB45D32A73D51B00F34170 /* FilterModel.swift in Sources */,
			);
			runOnlyForDeploymentPostprocessing = 0;
		};
/* End PBXSourcesBuildPhase section */

/* Begin PBXVariantGroup section */
		E55078702A65167000E7BBC8 /* Main.storyboard */ = {
			isa = PBXVariantGroup;
			children = (
				E55078712A65167000E7BBC8 /* Base */,
			);
			name = Main.storyboard;
			sourceTree = "<group>";
		};
		E55078752A65167300E7BBC8 /* LaunchScreen.storyboard */ = {
			isa = PBXVariantGroup;
			children = (
				E55078762A65167300E7BBC8 /* Base */,
			);
			name = LaunchScreen.storyboard;
			sourceTree = "<group>";
		};
/* End PBXVariantGroup section */

/* Begin XCBuildConfiguration section */
		E55078792A65167300E7BBC8 /* Debug */ = {
			isa = XCBuildConfiguration;
			buildSettings = {
				ALWAYS_SEARCH_USER_PATHS = NO;
				CLANG_ANALYZER_NONNULL = YES;
				CLANG_ANALYZER_NUMBER_OBJECT_CONVERSION = YES_AGGRESSIVE;
				CLANG_CXX_LANGUAGE_STANDARD = "gnu++17";
				CLANG_CXX_LIBRARY = "libc++";
				CLANG_ENABLE_MODULES = YES;
				CLANG_ENABLE_OBJC_ARC = YES;
				CLANG_ENABLE_OBJC_WEAK = YES;
				CLANG_WARN_BLOCK_CAPTURE_AUTORELEASING = YES;
				CLANG_WARN_BOOL_CONVERSION = YES;
				CLANG_WARN_COMMA = YES;
				CLANG_WARN_CONSTANT_CONVERSION = YES;
				CLANG_WARN_DEPRECATED_OBJC_IMPLEMENTATIONS = YES;
				CLANG_WARN_DIRECT_OBJC_ISA_USAGE = YES_ERROR;
				CLANG_WARN_DOCUMENTATION_COMMENTS = YES;
				CLANG_WARN_EMPTY_BODY = YES;
				CLANG_WARN_ENUM_CONVERSION = YES;
				CLANG_WARN_INFINITE_RECURSION = YES;
				CLANG_WARN_INT_CONVERSION = YES;
				CLANG_WARN_NON_LITERAL_NULL_CONVERSION = YES;
				CLANG_WARN_OBJC_IMPLICIT_RETAIN_SELF = YES;
				CLANG_WARN_OBJC_LITERAL_CONVERSION = YES;
				CLANG_WARN_OBJC_ROOT_CLASS = YES_ERROR;
				CLANG_WARN_QUOTED_INCLUDE_IN_FRAMEWORK_HEADER = YES;
				CLANG_WARN_RANGE_LOOP_ANALYSIS = YES;
				CLANG_WARN_STRICT_PROTOTYPES = YES;
				CLANG_WARN_SUSPICIOUS_MOVE = YES;
				CLANG_WARN_UNGUARDED_AVAILABILITY = YES_AGGRESSIVE;
				CLANG_WARN_UNREACHABLE_CODE = YES;
				CLANG_WARN__DUPLICATE_METHOD_MATCH = YES;
				COPY_PHASE_STRIP = NO;
				DEBUG_INFORMATION_FORMAT = dwarf;
				ENABLE_STRICT_OBJC_MSGSEND = YES;
				ENABLE_TESTABILITY = YES;
				GCC_C_LANGUAGE_STANDARD = gnu11;
				GCC_DYNAMIC_NO_PIC = NO;
				GCC_NO_COMMON_BLOCKS = YES;
				GCC_OPTIMIZATION_LEVEL = 0;
				GCC_PREPROCESSOR_DEFINITIONS = (
					"DEBUG=1",
					"$(inherited)",
				);
				GCC_WARN_64_TO_32_BIT_CONVERSION = YES;
				GCC_WARN_ABOUT_RETURN_TYPE = YES_ERROR;
				GCC_WARN_UNDECLARED_SELECTOR = YES;
				GCC_WARN_UNINITIALIZED_AUTOS = YES_AGGRESSIVE;
				GCC_WARN_UNUSED_FUNCTION = YES;
				GCC_WARN_UNUSED_VARIABLE = YES;
				IPHONEOS_DEPLOYMENT_TARGET = 15.2;
				MTL_ENABLE_DEBUG_INFO = INCLUDE_SOURCE;
				MTL_FAST_MATH = YES;
				ONLY_ACTIVE_ARCH = YES;
				SDKROOT = iphoneos;
				SWIFT_ACTIVE_COMPILATION_CONDITIONS = DEBUG;
				SWIFT_OPTIMIZATION_LEVEL = "-Onone";
			};
			name = Debug;
		};
		E550787A2A65167300E7BBC8 /* Release */ = {
			isa = XCBuildConfiguration;
			buildSettings = {
				ALWAYS_SEARCH_USER_PATHS = NO;
				CLANG_ANALYZER_NONNULL = YES;
				CLANG_ANALYZER_NUMBER_OBJECT_CONVERSION = YES_AGGRESSIVE;
				CLANG_CXX_LANGUAGE_STANDARD = "gnu++17";
				CLANG_CXX_LIBRARY = "libc++";
				CLANG_ENABLE_MODULES = YES;
				CLANG_ENABLE_OBJC_ARC = YES;
				CLANG_ENABLE_OBJC_WEAK = YES;
				CLANG_WARN_BLOCK_CAPTURE_AUTORELEASING = YES;
				CLANG_WARN_BOOL_CONVERSION = YES;
				CLANG_WARN_COMMA = YES;
				CLANG_WARN_CONSTANT_CONVERSION = YES;
				CLANG_WARN_DEPRECATED_OBJC_IMPLEMENTATIONS = YES;
				CLANG_WARN_DIRECT_OBJC_ISA_USAGE = YES_ERROR;
				CLANG_WARN_DOCUMENTATION_COMMENTS = YES;
				CLANG_WARN_EMPTY_BODY = YES;
				CLANG_WARN_ENUM_CONVERSION = YES;
				CLANG_WARN_INFINITE_RECURSION = YES;
				CLANG_WARN_INT_CONVERSION = YES;
				CLANG_WARN_NON_LITERAL_NULL_CONVERSION = YES;
				CLANG_WARN_OBJC_IMPLICIT_RETAIN_SELF = YES;
				CLANG_WARN_OBJC_LITERAL_CONVERSION = YES;
				CLANG_WARN_OBJC_ROOT_CLASS = YES_ERROR;
				CLANG_WARN_QUOTED_INCLUDE_IN_FRAMEWORK_HEADER = YES;
				CLANG_WARN_RANGE_LOOP_ANALYSIS = YES;
				CLANG_WARN_STRICT_PROTOTYPES = YES;
				CLANG_WARN_SUSPICIOUS_MOVE = YES;
				CLANG_WARN_UNGUARDED_AVAILABILITY = YES_AGGRESSIVE;
				CLANG_WARN_UNREACHABLE_CODE = YES;
				CLANG_WARN__DUPLICATE_METHOD_MATCH = YES;
				COPY_PHASE_STRIP = NO;
				DEBUG_INFORMATION_FORMAT = "dwarf-with-dsym";
				ENABLE_NS_ASSERTIONS = NO;
				ENABLE_STRICT_OBJC_MSGSEND = YES;
				GCC_C_LANGUAGE_STANDARD = gnu11;
				GCC_NO_COMMON_BLOCKS = YES;
				GCC_WARN_64_TO_32_BIT_CONVERSION = YES;
				GCC_WARN_ABOUT_RETURN_TYPE = YES_ERROR;
				GCC_WARN_UNDECLARED_SELECTOR = YES;
				GCC_WARN_UNINITIALIZED_AUTOS = YES_AGGRESSIVE;
				GCC_WARN_UNUSED_FUNCTION = YES;
				GCC_WARN_UNUSED_VARIABLE = YES;
				IPHONEOS_DEPLOYMENT_TARGET = 15.2;
				MTL_ENABLE_DEBUG_INFO = NO;
				MTL_FAST_MATH = YES;
				SDKROOT = iphoneos;
				SWIFT_COMPILATION_MODE = wholemodule;
				SWIFT_OPTIMIZATION_LEVEL = "-O";
				VALIDATE_PRODUCT = YES;
			};
			name = Release;
		};
		E550787C2A65167300E7BBC8 /* Debug */ = {
			isa = XCBuildConfiguration;
			buildSettings = {
				ASSETCATALOG_COMPILER_APPICON_NAME = AppIcon;
				ASSETCATALOG_COMPILER_GLOBAL_ACCENT_COLOR_NAME = AccentColor;
				CODE_SIGN_STYLE = Automatic;
				CURRENT_PROJECT_VERSION = 1;
				DEVELOPMENT_TEAM = 36L63Z26KY;
				GENERATE_INFOPLIST_FILE = YES;
				INFOPLIST_FILE = ImageFilter/Info.plist;
				INFOPLIST_KEY_CFBundleDisplayName = ImageFilter;
				INFOPLIST_KEY_NSCameraUsageDescription = "To apply filter effects in your photo";
				INFOPLIST_KEY_NSPhotoLibraryAddUsageDescription = "To save applied filter image in Photos";
				INFOPLIST_KEY_UIApplicationSupportsIndirectInputEvents = YES;
				INFOPLIST_KEY_UILaunchStoryboardName = LaunchScreen;
				INFOPLIST_KEY_UIMainStoryboardFile = Main;
				INFOPLIST_KEY_UISupportedInterfaceOrientations_iPad = "UIInterfaceOrientationPortrait UIInterfaceOrientationPortraitUpsideDown UIInterfaceOrientationLandscapeLeft UIInterfaceOrientationLandscapeRight";
				INFOPLIST_KEY_UISupportedInterfaceOrientations_iPhone = "UIInterfaceOrientationPortrait UIInterfaceOrientationLandscapeLeft UIInterfaceOrientationLandscapeRight";
				IPHONEOS_DEPLOYMENT_TARGET = 13.1;
				LD_RUNPATH_SEARCH_PATHS = (
					"$(inherited)",
					"@executable_path/Frameworks",
				);
				MARKETING_VERSION = 1.0;
				PRODUCT_BUNDLE_IDENTIFIER = com.ImageFilter;
				PRODUCT_NAME = "$(TARGET_NAME)";
				SWIFT_EMIT_LOC_STRINGS = YES;
				SWIFT_VERSION = 5.0;
				TARGETED_DEVICE_FAMILY = "1,2";
			};
			name = Debug;
		};
		E550787D2A65167300E7BBC8 /* Release */ = {
			isa = XCBuildConfiguration;
			buildSettings = {
				ASSETCATALOG_COMPILER_APPICON_NAME = AppIcon;
				ASSETCATALOG_COMPILER_GLOBAL_ACCENT_COLOR_NAME = AccentColor;
				CODE_SIGN_STYLE = Automatic;
				CURRENT_PROJECT_VERSION = 1;
				DEVELOPMENT_TEAM = C5VW5B4MXK;
				GENERATE_INFOPLIST_FILE = YES;
				INFOPLIST_FILE = ImageFilter/Info.plist;
				INFOPLIST_KEY_CFBundleDisplayName = ImageFilter;
				INFOPLIST_KEY_NSCameraUsageDescription = "To apply filter effects in your photo";
				INFOPLIST_KEY_NSPhotoLibraryAddUsageDescription = "To save applied filter image in Photos";
				INFOPLIST_KEY_UIApplicationSupportsIndirectInputEvents = YES;
				INFOPLIST_KEY_UILaunchStoryboardName = LaunchScreen;
				INFOPLIST_KEY_UIMainStoryboardFile = Main;
				INFOPLIST_KEY_UISupportedInterfaceOrientations_iPad = "UIInterfaceOrientationPortrait UIInterfaceOrientationPortraitUpsideDown UIInterfaceOrientationLandscapeLeft UIInterfaceOrientationLandscapeRight";
				INFOPLIST_KEY_UISupportedInterfaceOrientations_iPhone = "UIInterfaceOrientationPortrait UIInterfaceOrientationLandscapeLeft UIInterfaceOrientationLandscapeRight";
				IPHONEOS_DEPLOYMENT_TARGET = 13.1;
				LD_RUNPATH_SEARCH_PATHS = (
					"$(inherited)",
					"@executable_path/Frameworks",
				);
				MARKETING_VERSION = 1.0;
				PRODUCT_BUNDLE_IDENTIFIER = com.TestImage;
				PRODUCT_NAME = "$(TARGET_NAME)";
				SWIFT_EMIT_LOC_STRINGS = YES;
				SWIFT_VERSION = 5.0;
				TARGETED_DEVICE_FAMILY = "1,2";
			};
			name = Release;
		};
/* End XCBuildConfiguration section */

/* Begin XCConfigurationList section */
		E55078622A65167000E7BBC8 /* Build configuration list for PBXProject "ImageFilter" */ = {
			isa = XCConfigurationList;
			buildConfigurations = (
				E55078792A65167300E7BBC8 /* Debug */,
				E550787A2A65167300E7BBC8 /* Release */,
			);
			defaultConfigurationIsVisible = 0;
			defaultConfigurationName = Release;
		};
		E550787B2A65167300E7BBC8 /* Build configuration list for PBXNativeTarget "ImageFilter" */ = {
			isa = XCConfigurationList;
			buildConfigurations = (
				E550787C2A65167300E7BBC8 /* Debug */,
				E550787D2A65167300E7BBC8 /* Release */,
			);
			defaultConfigurationIsVisible = 0;
			defaultConfigurationName = Release;
		};
/* End XCConfigurationList section */
	};
	rootObject = E550785F2A65167000E7BBC8 /* Project object */;
}
